{
  "name": "FalkRaft-BP",
  "lockfileVersion": 3,
  "requires": true,
  "packages": {
    "": {
      "dependencies": {
        "@minecraft/common": "^1.0.0",
        "@minecraft/server": "^1.6.0",
        "@minecraft/vanilla-data": "^1.19.80",
        "@types/mojang-minecraft": "^0.1.4"
      }
    },
    "node_modules/@minecraft/common": {
      "version": "1.0.0",
      "resolved": "https://registry.npmjs.org/@minecraft/common/-/common-1.0.0.tgz",
      "integrity": "sha512-7WObMvUWaS2zBVBZwc150Kd/apLUYa5tx2fvkLe3JoviEKm7QjZNLghZV9sV/STXmd9k3HBKTKvRyGdNaTIVBA==",
      "license": "MIT"
    },
    "node_modules/@minecraft/server": {
      "version": "1.6.0",
      "resolved": "https://registry.npmjs.org/@minecraft/server/-/server-1.6.0.tgz",
      "integrity": "sha512-V/jt0tY5aFnOPriFqOdWwdBSX+Pg/B/VGEynwZuST5yZLuBfJ1xb3888o1j//npFUbjv5iLQdm19ZbHscUrf5w==",
      "license": "MIT",
      "dependencies": {
        "@minecraft/common": "^1.0.0"
      }
    },
    "node_modules/@minecraft/vanilla-data": {
      "version": "1.19.80",
      "resolved": "https://registry.npmjs.org/@minecraft/vanilla-data/-/vanilla-data-1.19.80.tgz",
      "integrity": "sha512-J/xUONLkns7oEy+KCn+By70k8LCCTajClc8u5xcgvZaC+ptqZnp5K+wVGqeXfNLIDp+ihsHsWqUMoynCkATDkg==",
      "license": "MIT"
    },
    "node_modules/@types/mojang-minecraft": {
      "version": "0.1.4",
      "resolved": "https://registry.npmjs.org/@types/mojang-minecraft/-/mojang-minecraft-0.1.4.tgz",
      "integrity": "sha512-AJAz3jdTeHq4YFRKsWAFUnh4oftYt97WBoNxw061LD+FImSspi6UQ3/U+BfuBgLJtAqCNSlryyh6mGJA388XLg==",
      "license": "MIT"
    }
  }
}
