{
  "name": "FalkRaft-BP",
  "lockfileVersion": 3,
  "requires": true,
  "packages": {
    "": {
      "dependencies": {
        "@minecraft/server": "^1.14.0-beta.1.21.23-stable"
      }
    },
    "node_modules/@minecraft/common": {
      "version": "1.2.0",
      "resolved": "https://registry.npmjs.org/@minecraft/common/-/common-1.2.0.tgz",
      "integrity": "sha512-JdmEq4P3Z/FtoBzhLijFgMSVFnFRrUoLwY8DHHrgtFo0mfLTOLTB1RErYjLMsA6b7BGVNxkX/pfFRiH7QZ0XwQ==",
      "license": "MIT"
    },
    "node_modules/@minecraft/server": {
      "version": "1.14.0-beta.1.21.23-stable",
      "resolved": "https://registry.npmjs.org/@minecraft/server/-/server-1.14.0-beta.1.21.23-stable.tgz",
      "integrity": "sha512-kXWj7/Q9lReQ1jCt9AD2yE4sF1wkusTC+iLI3u1+7bwPhNuOVjP/H8HQ7zyM4spmOPe7Kwe4fVlamY0IJHaBIg==",
      "license": "MIT",
      "dependencies": {
        "@minecraft/common": "^1.1.0"
      }
    }
  }
}
